
Microsoft Visual Studio Solution File, Format Version 12.00
# Visual Studio Version 16
VisualStudioVersion = 16.0.29209.62
MinimumVisualStudioVersion = 10.0.40219.1
Project("{FAE04EC0-301F-11D3-BF4B-00C04F79EFBC}") = "Visual Studio-Umbraco 8", "Visual Studio-Umbraco 8.csproj", "{8D6D19C6-6984-4CE2-B918-33AEE1FE9726}"
EndProject
Global
	GlobalSection(SolutionConfigurationPlatforms) = preSolution
		Debug|Any CPU = Debug|Any CPU
		Release|Any CPU = Release|Any CPU
	EndGlobalSection
	GlobalSection(ProjectConfigurationPlatforms) = postSolution
		{8D6D19C6-6984-4CE2-B918-33AEE1FE9726}.Debug|Any CPU.ActiveCfg = Debug|Any CPU
		{8D6D19C6-6984-4CE2-B918-33AEE1FE9726}.Debug|Any CPU.Build.0 = Debug|Any CPU
		{8D6D19C6-6984-4CE2-B918-33AEE1FE9726}.Release|Any CPU.ActiveCfg = Release|Any CPU
		{8D6D19C6-6984-4CE2-B918-33AEE1FE9726}.Release|Any CPU.Build.0 = Release|Any CPU
	EndGlobalSection
	GlobalSection(SolutionProperties) = preSolution
		HideSolutionNode = FALSE
	EndGlobalSection
	GlobalSection(ExtensibilityGlobals) = postSolution
		SolutionGuid = {BF2A0D59-5405-4459-B34C-A82029730575}
	EndGlobalSection
EndGlobal
